
Microsoft Visual Studio Solution File, Format Version 12.00
# Visual Studio Version 17
VisualStudioVersion = 17.4.33213.308
MinimumVisualStudioVersion = 10.0.40219.1
Project("{FAE04EC0-301F-11D3-BF4B-00C04F79EFBC}") = "CrudOperation", "CrudOperation\CrudOperation.csproj", "{F20D232F-7B59-40EA-8178-68177F9CC136}"
EndProject
Global
	GlobalSection(SolutionConfigurationPlatforms) = preSolution
		Debug|Any CPU = Debug|Any CPU
		Release|Any CPU = Release|Any CPU
	EndGlobalSection
	GlobalSection(ProjectConfigurationPlatforms) = postSolution
		{F20D232F-7B59-40EA-8178-68177F9CC136}.Debug|Any CPU.ActiveCfg = Debug|Any CPU
		{F20D232F-7B59-40EA-8178-68177F9CC136}.Debug|Any CPU.Build.0 = Debug|Any CPU
		{F20D232F-7B59-40EA-8178-68177F9CC136}.Release|Any CPU.ActiveCfg = Release|Any CPU
		{F20D232F-7B59-40EA-8178-68177F9CC136}.Release|Any CPU.Build.0 = Release|Any CPU
	EndGlobalSection
	GlobalSection(SolutionProperties) = preSolution
		HideSolutionNode = FALSE
	EndGlobalSection
	GlobalSection(ExtensibilityGlobals) = postSolution
		SolutionGuid = {1A365F6A-08BB-4EAD-A345-7C60AED11031}
	EndGlobalSection
EndGlobal
